
Microsoft Visual Studio Solution File, Format Version 12.00
# Visual Studio Version 17
VisualStudioVersion = 17.5.33627.172
MinimumVisualStudioVersion = 10.0.40219.1
Project("{8BC9CEB8-8B4A-11D0-8D11-00A0C91BC942}") = "zad01", "zad01\zad01.vcxproj", "{0CFF4F12-8093-408C-B875-8BDA14E335FE}"
EndProject
Global
	GlobalSection(SolutionConfigurationPlatforms) = preSolution
		Debug|x64 = Debug|x64
		Debug|x86 = Debug|x86
		Release|x64 = Release|x64
		Release|x86 = Release|x86
	EndGlobalSection
	GlobalSection(ProjectConfigurationPlatforms) = postSolution
		{0CFF4F12-8093-408C-B875-8BDA14E335FE}.Debug|x64.ActiveCfg = Debug|x64
		{0CFF4F12-8093-408C-B875-8BDA14E335FE}.Debug|x64.Build.0 = Debug|x64
		{0CFF4F12-8093-408C-B875-8BDA14E335FE}.Debug|x86.ActiveCfg = Debug|Win32
		{0CFF4F12-8093-408C-B875-8BDA14E335FE}.Debug|x86.Build.0 = Debug|Win32
		{0CFF4F12-8093-408C-B875-8BDA14E335FE}.Release|x64.ActiveCfg = Release|x64
		{0CFF4F12-8093-408C-B875-8BDA14E335FE}.Release|x64.Build.0 = Release|x64
		{0CFF4F12-8093-408C-B875-8BDA14E335FE}.Release|x86.ActiveCfg = Release|Win32
		{0CFF4F12-8093-408C-B875-8BDA14E335FE}.Release|x86.Build.0 = Release|Win32
	EndGlobalSection
	GlobalSection(SolutionProperties) = preSolution
		HideSolutionNode = FALSE
	EndGlobalSection
	GlobalSection(ExtensibilityGlobals) = postSolution
		SolutionGuid = {4CA55ADC-095E-4C41-9029-215AD38CA53F}
	EndGlobalSection
EndGlobal
